// !$*UTF8*$!
{
	archiveVersion = 1;
	classes = {
	};
	objectVersion = 52;
	objects = {

/* Begin PBXBuildFile section */
		7F4FEFCC253B720700B7B77F /* Alamofire in Frameworks */ = {isa = PBXBuildFile; productRef = 7F4FEFCB253B720700B7B77F /* Alamofire */; };
		7F4FEFD1253B7E5A00B7B77F /* HttpRouter.swift in Sources */ = {isa = PBXBuildFile; fileRef = 7F4FEFD0253B7E5A00B7B77F /* HttpRouter.swift */; };
		7F4FEFD4253B7FB400B7B77F /* HttpService.swift in Sources */ = {isa = PBXBuildFile; fileRef = 7F4FEFD3253B7FB400B7B77F /* HttpService.swift */; };
		7F4FEFD7253B80DB00B7B77F /* AirportHttpService.swift in Sources */ = {isa = PBXBuildFile; fileRef = 7F4FEFD6253B80DB00B7B77F /* AirportHttpService.swift */; };
		7F4FEFDA253B818200B7B77F /* AirportHttpRouter.swift in Sources */ = {isa = PBXBuildFile; fileRef = 7F4FEFD9253B818200B7B77F /* AirportHttpRouter.swift */; };
		7F4FEFDD253B899B00B7B77F /* AirportService.swift in Sources */ = {isa = PBXBuildFile; fileRef = 7F4FEFDC253B899B00B7B77F /* AirportService.swift */; };
		7F4FEFE0253B89E800B7B77F /* AirportAPI.swift in Sources */ = {isa = PBXBuildFile; fileRef = 7F4FEFDF253B89E800B7B77F /* AirportAPI.swift */; };
		7F4FEFE4253B8DD600B7B77F /* AirportModel.swift in Sources */ = {isa = PBXBuildFile; fileRef = 7F4FEFE3253B8DD600B7B77F /* AirportModel.swift */; };
		7FA7D6C4253C559B002BA65D /* CustomError.swift in Sources */ = {isa = PBXBuildFile; fileRef = 7FA7D6C3253C559B002BA65D /* CustomError.swift */; };
		7FE6AB0D24FB65F9001620D3 /* AppDelegate.swift in Sources */ = {isa = PBXBuildFile; fileRef = 7FE6AB0C24FB65F9001620D3 /* AppDelegate.swift */; };
		7FE6AB0F24FB65F9001620D3 /* SceneDelegate.swift in Sources */ = {isa = PBXBuildFile; fileRef = 7FE6AB0E24FB65F9001620D3 /* SceneDelegate.swift */; };
		7FE6AB1124FB65F9001620D3 /* SearchCityViewController.swift in Sources */ = {isa = PBXBuildFile; fileRef = 7FE6AB1024FB65F9001620D3 /* SearchCityViewController.swift */; };
		7FE6AB1424FB65FA001620D3 /* Main.storyboard in Resources */ = {isa = PBXBuildFile; fileRef = 7FE6AB1224FB65FA001620D3 /* Main.storyboard */; };
		7FE6AB1624FB65FC001620D3 /* Assets.xcassets in Resources */ = {isa = PBXBuildFile; fileRef = 7FE6AB1524FB65FC001620D3 /* Assets.xcassets */; };
		7FE6AB1924FB65FC001620D3 /* LaunchScreen.storyboard in Resources */ = {isa = PBXBuildFile; fileRef = 7FE6AB1724FB65FC001620D3 /* LaunchScreen.storyboard */; };
		7FE6AB2224FB6674001620D3 /* RxRelay in Frameworks */ = {isa = PBXBuildFile; productRef = 7FE6AB2124FB6674001620D3 /* RxRelay */; };
		7FE6AB2424FB6674001620D3 /* RxSwift in Frameworks */ = {isa = PBXBuildFile; productRef = 7FE6AB2324FB6674001620D3 /* RxSwift */; };
		7FE6AB2624FB6674001620D3 /* RxCocoa in Frameworks */ = {isa = PBXBuildFile; productRef = 7FE6AB2524FB6674001620D3 /* RxCocoa */; };
		7FE6AB2B24FB6AD7001620D3 /* SearchCityViewModel.swift in Sources */ = {isa = PBXBuildFile; fileRef = 7FE6AB2A24FB6AD7001620D3 /* SearchCityViewModel.swift */; };
		7FE6AB2E24FB6BF3001620D3 /* Differentiator in Frameworks */ = {isa = PBXBuildFile; productRef = 7FE6AB2D24FB6BF3001620D3 /* Differentiator */; };
		7FE6AB3024FB6BF3001620D3 /* RxDataSources in Frameworks */ = {isa = PBXBuildFile; productRef = 7FE6AB2F24FB6BF3001620D3 /* RxDataSources */; };
		7FE6AB3524FB707B001620D3 /* SearchCityCoordinator.swift in Sources */ = {isa = PBXBuildFile; fileRef = 7FE6AB3424FB707B001620D3 /* SearchCityCoordinator.swift */; };
		7FE6AB3724FB70BB001620D3 /* Coordinator.swift in Sources */ = {isa = PBXBuildFile; fileRef = 7FE6AB3624FB70BB001620D3 /* Coordinator.swift */; };
		7FE6AB3924FB7285001620D3 /* BaseCoordinator.swift in Sources */ = {isa = PBXBuildFile; fileRef = 7FE6AB3824FB7285001620D3 /* BaseCoordinator.swift */; };
		7FE6AB3C24FB736C001620D3 /* Storyboardable.swift in Sources */ = {isa = PBXBuildFile; fileRef = 7FE6AB3B24FB736C001620D3 /* Storyboardable.swift */; };
		7FE6AB3E24FB789F001620D3 /* AppCoordinator.swift in Sources */ = {isa = PBXBuildFile; fileRef = 7FE6AB3D24FB789F001620D3 /* AppCoordinator.swift */; };
/* End PBXBuildFile section */

/* Begin PBXFileReference section */
		7F4FEFD0253B7E5A00B7B77F /* HttpRouter.swift */ = {isa = PBXFileReference; lastKnownFileType = sourcecode.swift; path = HttpRouter.swift; sourceTree = "<group>"; };
		7F4FEFD3253B7FB400B7B77F /* HttpService.swift */ = {isa = PBXFileReference; lastKnownFileType = sourcecode.swift; path = HttpService.swift; sourceTree = "<group>"; };
		7F4FEFD6253B80DB00B7B77F /* AirportHttpService.swift */ = {isa = PBXFileReference; lastKnownFileType = sourcecode.swift; path = AirportHttpService.swift; sourceTree = "<group>"; };
		7F4FEFD9253B818200B7B77F /* AirportHttpRouter.swift */ = {isa = PBXFileReference; lastKnownFileType = sourcecode.swift; path = AirportHttpRouter.swift; sourceTree = "<group>"; };
		7F4FEFDC253B899B00B7B77F /* AirportService.swift */ = {isa = PBXFileReference; lastKnownFileType = sourcecode.swift; path = AirportService.swift; sourceTree = "<group>"; };
		7F4FEFDF253B89E800B7B77F /* AirportAPI.swift */ = {isa = PBXFileReference; lastKnownFileType = sourcecode.swift; path = AirportAPI.swift; sourceTree = "<group>"; };
		7F4FEFE3253B8DD600B7B77F /* AirportModel.swift */ = {isa = PBXFileReference; lastKnownFileType = sourcecode.swift; path = AirportModel.swift; sourceTree = "<group>"; };
		7FA7D6C3253C559B002BA65D /* CustomError.swift */ = {isa = PBXFileReference; lastKnownFileType = sourcecode.swift; path = CustomError.swift; sourceTree = "<group>"; };
		7FE6AB0924FB65F9001620D3 /* CityAirportSearch.app */ = {isa = PBXFileReference; explicitFileType = wrapper.application; includeInIndex = 0; path = CityAirportSearch.app; sourceTree = BUILT_PRODUCTS_DIR; };
		7FE6AB0C24FB65F9001620D3 /* AppDelegate.swift */ = {isa = PBXFileReference; lastKnownFileType = sourcecode.swift; path = AppDelegate.swift; sourceTree = "<group>"; };
		7FE6AB0E24FB65F9001620D3 /* SceneDelegate.swift */ = {isa = PBXFileReference; lastKnownFileType = sourcecode.swift; path = SceneDelegate.swift; sourceTree = "<group>"; };
		7FE6AB1024FB65F9001620D3 /* SearchCityViewController.swift */ = {isa = PBXFileReference; lastKnownFileType = sourcecode.swift; path = SearchCityViewController.swift; sourceTree = "<group>"; };
		7FE6AB1324FB65FA001620D3 /* Base */ = {isa = PBXFileReference; lastKnownFileType = file.storyboard; name = Base; path = Base.lproj/Main.storyboard; sourceTree = "<group>"; };
		7FE6AB1524FB65FC001620D3 /* Assets.xcassets */ = {isa = PBXFileReference; lastKnownFileType = folder.assetcatalog; path = Assets.xcassets; sourceTree = "<group>"; };
		7FE6AB1824FB65FC001620D3 /* Base */ = {isa = PBXFileReference; lastKnownFileType = file.storyboard; name = Base; path = Base.lproj/LaunchScreen.storyboard; sourceTree = "<group>"; };
		7FE6AB1A24FB65FC001620D3 /* Info.plist */ = {isa = PBXFileReference; lastKnownFileType = text.plist.xml; path = Info.plist; sourceTree = "<group>"; };
		7FE6AB2A24FB6AD7001620D3 /* SearchCityViewModel.swift */ = {isa = PBXFileReference; lastKnownFileType = sourcecode.swift; path = SearchCityViewModel.swift; sourceTree = "<group>"; };
		7FE6AB3424FB707B001620D3 /* SearchCityCoordinator.swift */ = {isa = PBXFileReference; lastKnownFileType = sourcecode.swift; path = SearchCityCoordinator.swift; sourceTree = "<group>"; };
		7FE6AB3624FB70BB001620D3 /* Coordinator.swift */ = {isa = PBXFileReference; lastKnownFileType = sourcecode.swift; path = Coordinator.swift; sourceTree = "<group>"; };
		7FE6AB3824FB7285001620D3 /* BaseCoordinator.swift */ = {isa = PBXFileReference; lastKnownFileType = sourcecode.swift; path = BaseCoordinator.swift; sourceTree = "<group>"; };
		7FE6AB3B24FB736C001620D3 /* Storyboardable.swift */ = {isa = PBXFileReference; lastKnownFileType = sourcecode.swift; path = Storyboardable.swift; sourceTree = "<group>"; };
		7FE6AB3D24FB789F001620D3 /* AppCoordinator.swift */ = {isa = PBXFileReference; lastKnownFileType = sourcecode.swift; path = AppCoordinator.swift; sourceTree = "<group>"; };
/* End PBXFileReference section */

/* Begin PBXFrameworksBuildPhase section */
		7FE6AB0624FB65F9001620D3 /* Frameworks */ = {
			isa = PBXFrameworksBuildPhase;
			buildActionMask = 2147483647;
			files = (
				7FE6AB2E24FB6BF3001620D3 /* Differentiator in Frameworks */,
				7FE6AB2624FB6674001620D3 /* RxCocoa in Frameworks */,
				7FE6AB2424FB6674001620D3 /* RxSwift in Frameworks */,
				7F4FEFCC253B720700B7B77F /* Alamofire in Frameworks */,
				7FE6AB3024FB6BF3001620D3 /* RxDataSources in Frameworks */,
				7FE6AB2224FB6674001620D3 /* RxRelay in Frameworks */,
			);
			runOnlyForDeploymentPostprocessing = 0;
		};
/* End PBXFrameworksBuildPhase section */

/* Begin PBXGroup section */
		7F4FEFCE253B79A100B7B77F /* Service */ = {
			isa = PBXGroup;
			children = (
				7F4FEFE2253B8DC800B7B77F /* Model */,
				7F4FEFCF253B79C900B7B77F /* Http */,
				7F4FEFDC253B899B00B7B77F /* AirportService.swift */,
				7F4FEFDF253B89E800B7B77F /* AirportAPI.swift */,
			);
			path = Service;
			sourceTree = "<group>";
		};
		7F4FEFCF253B79C900B7B77F /* Http */ = {
			isa = PBXGroup;
			children = (
				7F4FEFD0253B7E5A00B7B77F /* HttpRouter.swift */,
				7F4FEFD3253B7FB400B7B77F /* HttpService.swift */,
				7F4FEFD6253B80DB00B7B77F /* AirportHttpService.swift */,
				7F4FEFD9253B818200B7B77F /* AirportHttpRouter.swift */,
			);
			path = Http;
			sourceTree = "<group>";
		};
		7F4FEFE2253B8DC800B7B77F /* Model */ = {
			isa = PBXGroup;
			children = (
				7F4FEFE3253B8DD600B7B77F /* AirportModel.swift */,
				7FA7D6C3253C559B002BA65D /* CustomError.swift */,
			);
			path = Model;
			sourceTree = "<group>";
		};
		7FE6AB0024FB65F9001620D3 = {
			isa = PBXGroup;
			children = (
				7FE6AB0B24FB65F9001620D3 /* CityAirportSearch */,
				7FE6AB0A24FB65F9001620D3 /* Products */,
			);
			sourceTree = "<group>";
		};
		7FE6AB0A24FB65F9001620D3 /* Products */ = {
			isa = PBXGroup;
			children = (
				7FE6AB0924FB65F9001620D3 /* CityAirportSearch.app */,
			);
			name = Products;
			sourceTree = "<group>";
		};
		7FE6AB0B24FB65F9001620D3 /* CityAirportSearch */ = {
			isa = PBXGroup;
			children = (
				7F4FEFCE253B79A100B7B77F /* Service */,
				7FE6AB3A24FB7325001620D3 /* Shared */,
				7FE6AB3324FB7067001620D3 /* Coordinator */,
				7FE6AB2824FB6A0B001620D3 /* ViewModel */,
				7FE6AB2724FB69FE001620D3 /* View */,
				7FE6AB0C24FB65F9001620D3 /* AppDelegate.swift */,
				7FE6AB0E24FB65F9001620D3 /* SceneDelegate.swift */,
				7FE6AB1224FB65FA001620D3 /* Main.storyboard */,
				7FE6AB1524FB65FC001620D3 /* Assets.xcassets */,
				7FE6AB1724FB65FC001620D3 /* LaunchScreen.storyboard */,
				7FE6AB1A24FB65FC001620D3 /* Info.plist */,
			);
			path = CityAirportSearch;
			sourceTree = "<group>";
		};
		7FE6AB2724FB69FE001620D3 /* View */ = {
			isa = PBXGroup;
			children = (
				7FE6AB1024FB65F9001620D3 /* SearchCityViewController.swift */,
			);
			path = View;
			sourceTree = "<group>";
		};
		7FE6AB2824FB6A0B001620D3 /* ViewModel */ = {
			isa = PBXGroup;
			children = (
				7FE6AB2A24FB6AD7001620D3 /* SearchCityViewModel.swift */,
			);
			path = ViewModel;
			sourceTree = "<group>";
		};
		7FE6AB3324FB7067001620D3 /* Coordinator */ = {
			isa = PBXGroup;
			children = (
				7FE6AB3624FB70BB001620D3 /* Coordinator.swift */,
				7FE6AB3824FB7285001620D3 /* BaseCoordinator.swift */,
				7FE6AB3D24FB789F001620D3 /* AppCoordinator.swift */,
				7FE6AB3424FB707B001620D3 /* SearchCityCoordinator.swift */,
			);
			path = Coordinator;
			sourceTree = "<group>";
		};
		7FE6AB3A24FB7325001620D3 /* Shared */ = {
			isa = PBXGroup;
			children = (
				7FE6AB3B24FB736C001620D3 /* Storyboardable.swift */,
			);
			path = Shared;
			sourceTree = "<group>";
		};
/* End PBXGroup section */

/* Begin PBXNativeTarget section */
		7FE6AB0824FB65F9001620D3 /* CityAirportSearch */ = {
			isa = PBXNativeTarget;
			buildConfigurationList = 7FE6AB1D24FB65FC001620D3 /* Build configuration list for PBXNativeTarget "CityAirportSearch" */;
			buildPhases = (
				7FE6AB0524FB65F9001620D3 /* Sources */,
				7FE6AB0624FB65F9001620D3 /* Frameworks */,
				7FE6AB0724FB65F9001620D3 /* Resources */,
			);
			buildRules = (
			);
			dependencies = (
			);
			name = CityAirportSearch;
			packageProductDependencies = (
				7FE6AB2124FB6674001620D3 /* RxRelay */,
				7FE6AB2324FB6674001620D3 /* RxSwift */,
				7FE6AB2524FB6674001620D3 /* RxCocoa */,
				7FE6AB2D24FB6BF3001620D3 /* Differentiator */,
				7FE6AB2F24FB6BF3001620D3 /* RxDataSources */,
				7F4FEFCB253B720700B7B77F /* Alamofire */,
			);
			productName = CityAirportSearch;
			productReference = 7FE6AB0924FB65F9001620D3 /* CityAirportSearch.app */;
			productType = "com.apple.product-type.application";
		};
/* End PBXNativeTarget section */

/* Begin PBXProject section */
		7FE6AB0124FB65F9001620D3 /* Project object */ = {
			isa = PBXProject;
			attributes = {
				LastSwiftUpdateCheck = 1160;
				LastUpgradeCheck = 1200;
				ORGANIZATIONNAME = "Anton Zakharchenko";
				TargetAttributes = {
					7FE6AB0824FB65F9001620D3 = {
						CreatedOnToolsVersion = 11.6;
					};
				};
			};
			buildConfigurationList = 7FE6AB0424FB65F9001620D3 /* Build configuration list for PBXProject "CityAirportSearch" */;
			compatibilityVersion = "Xcode 9.3";
			developmentRegion = en;
			hasScannedForEncodings = 0;
			knownRegions = (
				en,
				Base,
			);
			mainGroup = 7FE6AB0024FB65F9001620D3;
			packageReferences = (
				7FE6AB2024FB6674001620D3 /* XCRemoteSwiftPackageReference "RxSwift" */,
				7FE6AB2C24FB6BF3001620D3 /* XCRemoteSwiftPackageReference "RxDataSources" */,
				7F4FEFCA253B720700B7B77F /* XCRemoteSwiftPackageReference "Alamofire" */,
			);
			productRefGroup = 7FE6AB0A24FB65F9001620D3 /* Products */;
			projectDirPath = "";
			projectRoot = "";
			targets = (
				7FE6AB0824FB65F9001620D3 /* CityAirportSearch */,
			);
		};
/* End PBXProject section */

/* Begin PBXResourcesBuildPhase section */
		7FE6AB0724FB65F9001620D3 /* Resources */ = {
			isa = PBXResourcesBuildPhase;
			buildActionMask = 2147483647;
			files = (
				7FE6AB1924FB65FC001620D3 /* LaunchScreen.storyboard in Resources */,
				7FE6AB1624FB65FC001620D3 /* Assets.xcassets in Resources */,
				7FE6AB1424FB65FA001620D3 /* Main.storyboard in Resources */,
			);
			runOnlyForDeploymentPostprocessing = 0;
		};
/* End PBXResourcesBuildPhase section */

/* Begin PBXSourcesBuildPhase section */
		7FE6AB0524FB65F9001620D3 /* Sources */ = {
			isa = PBXSourcesBuildPhase;
			buildActionMask = 2147483647;
			files = (
				7FE6AB1124FB65F9001620D3 /* SearchCityViewController.swift in Sources */,
				7F4FEFDA253B818200B7B77F /* AirportHttpRouter.swift in Sources */,
				7FA7D6C4253C559B002BA65D /* CustomError.swift in Sources */,
				7F4FEFD4253B7FB400B7B77F /* HttpService.swift in Sources */,
				7FE6AB0D24FB65F9001620D3 /* AppDelegate.swift in Sources */,
				7F4FEFD1253B7E5A00B7B77F /* HttpRouter.swift in Sources */,
				7FE6AB3724FB70BB001620D3 /* Coordinator.swift in Sources */,
				7F4FEFD7253B80DB00B7B77F /* AirportHttpService.swift in Sources */,
				7FE6AB3524FB707B001620D3 /* SearchCityCoordinator.swift in Sources */,
				7FE6AB3C24FB736C001620D3 /* Storyboardable.swift in Sources */,
				7FE6AB3924FB7285001620D3 /* BaseCoordinator.swift in Sources */,
				7F4FEFE0253B89E800B7B77F /* AirportAPI.swift in Sources */,
				7FE6AB3E24FB789F001620D3 /* AppCoordinator.swift in Sources */,
				7FE6AB0F24FB65F9001620D3 /* SceneDelegate.swift in Sources */,
				7FE6AB2B24FB6AD7001620D3 /* SearchCityViewModel.swift in Sources */,
				7F4FEFDD253B899B00B7B77F /* AirportService.swift in Sources */,
				7F4FEFE4253B8DD600B7B77F /* AirportModel.swift in Sources */,
			);
			runOnlyForDeploymentPostprocessing = 0;
		};
/* End PBXSourcesBuildPhase section */

/* Begin PBXVariantGroup section */
		7FE6AB1224FB65FA001620D3 /* Main.storyboard */ = {
			isa = PBXVariantGroup;
			children = (
				7FE6AB1324FB65FA001620D3 /* Base */,
			);
			name = Main.storyboard;
			sourceTree = "<group>";
		};
		7FE6AB1724FB65FC001620D3 /* LaunchScreen.storyboard */ = {
			isa = PBXVariantGroup;
			children = (
				7FE6AB1824FB65FC001620D3 /* Base */,
			);
			name = LaunchScreen.storyboard;
			sourceTree = "<group>";
		};
/* End PBXVariantGroup section */

/* Begin XCBuildConfiguration section */
		7FE6AB1B24FB65FC001620D3 /* Debug */ = {
			isa = XCBuildConfiguration;
			buildSettings = {
				ALWAYS_SEARCH_USER_PATHS = NO;
				CLANG_ANALYZER_NONNULL = YES;
				CLANG_ANALYZER_NUMBER_OBJECT_CONVERSION = YES_AGGRESSIVE;
				CLANG_CXX_LANGUAGE_STANDARD = "gnu++14";
				CLANG_CXX_LIBRARY = "libc++";
				CLANG_ENABLE_MODULES = YES;
				CLANG_ENABLE_OBJC_ARC = YES;
				CLANG_ENABLE_OBJC_WEAK = YES;
				CLANG_WARN_BLOCK_CAPTURE_AUTORELEASING = YES;
				CLANG_WARN_BOOL_CONVERSION = YES;
				CLANG_WARN_COMMA = YES;
				CLANG_WARN_CONSTANT_CONVERSION = YES;
				CLANG_WARN_DEPRECATED_OBJC_IMPLEMENTATIONS = YES;
				CLANG_WARN_DIRECT_OBJC_ISA_USAGE = YES_ERROR;
				CLANG_WARN_DOCUMENTATION_COMMENTS = YES;
				CLANG_WARN_EMPTY_BODY = YES;
				CLANG_WARN_ENUM_CONVERSION = YES;
				CLANG_WARN_INFINITE_RECURSION = YES;
				CLANG_WARN_INT_CONVERSION = YES;
				CLANG_WARN_NON_LITERAL_NULL_CONVERSION = YES;
				CLANG_WARN_OBJC_IMPLICIT_RETAIN_SELF = YES;
				CLANG_WARN_OBJC_LITERAL_CONVERSION = YES;
				CLANG_WARN_OBJC_ROOT_CLASS = YES_ERROR;
				CLANG_WARN_QUOTED_INCLUDE_IN_FRAMEWORK_HEADER = YES;
				CLANG_WARN_RANGE_LOOP_ANALYSIS = YES;
				CLANG_WARN_STRICT_PROTOTYPES = YES;
				CLANG_WARN_SUSPICIOUS_MOVE = YES;
				CLANG_WARN_UNGUARDED_AVAILABILITY = YES_AGGRESSIVE;
				CLANG_WARN_UNREACHABLE_CODE = YES;
				CLANG_WARN__DUPLICATE_METHOD_MATCH = YES;
				COPY_PHASE_STRIP = NO;
				DEBUG_INFORMATION_FORMAT = dwarf;
				ENABLE_STRICT_OBJC_MSGSEND = YES;
				ENABLE_TESTABILITY = YES;
				GCC_C_LANGUAGE_STANDARD = gnu11;
				GCC_DYNAMIC_NO_PIC = NO;
				GCC_NO_COMMON_BLOCKS = YES;
				GCC_OPTIMIZATION_LEVEL = 0;
				GCC_PREPROCESSOR_DEFINITIONS = (
					"DEBUG=1",
					"$(inherited)",
				);
				GCC_WARN_64_TO_32_BIT_CONVERSION = YES;
				GCC_WARN_ABOUT_RETURN_TYPE = YES_ERROR;
				GCC_WARN_UNDECLARED_SELECTOR = YES;
				GCC_WARN_UNINITIALIZED_AUTOS = YES_AGGRESSIVE;
				GCC_WARN_UNUSED_FUNCTION = YES;
				GCC_WARN_UNUSED_VARIABLE = YES;
				IPHONEOS_DEPLOYMENT_TARGET = 14.0;
				MTL_ENABLE_DEBUG_INFO = INCLUDE_SOURCE;
				MTL_FAST_MATH = YES;
				ONLY_ACTIVE_ARCH = YES;
				SDKROOT = iphoneos;
				SWIFT_ACTIVE_COMPILATION_CONDITIONS = DEBUG;
				SWIFT_OPTIMIZATION_LEVEL = "-Onone";
			};
			name = Debug;
		};
		7FE6AB1C24FB65FC001620D3 /* Release */ = {
			isa = XCBuildConfiguration;
			buildSettings = {
				ALWAYS_SEARCH_USER_PATHS = NO;
				CLANG_ANALYZER_NONNULL = YES;
				CLANG_ANALYZER_NUMBER_OBJECT_CONVERSION = YES_AGGRESSIVE;
				CLANG_CXX_LANGUAGE_STANDARD = "gnu++14";
				CLANG_CXX_LIBRARY = "libc++";
				CLANG_ENABLE_MODULES = YES;
				CLANG_ENABLE_OBJC_ARC = YES;
				CLANG_ENABLE_OBJC_WEAK = YES;
				CLANG_WARN_BLOCK_CAPTURE_AUTORELEASING = YES;
				CLANG_WARN_BOOL_CONVERSION = YES;
				CLANG_WARN_COMMA = YES;
				CLANG_WARN_CONSTANT_CONVERSION = YES;
				CLANG_WARN_DEPRECATED_OBJC_IMPLEMENTATIONS = YES;
				CLANG_WARN_DIRECT_OBJC_ISA_USAGE = YES_ERROR;
				CLANG_WARN_DOCUMENTATION_COMMENTS = YES;
				CLANG_WARN_EMPTY_BODY = YES;
				CLANG_WARN_ENUM_CONVERSION = YES;
				CLANG_WARN_INFINITE_RECURSION = YES;
				CLANG_WARN_INT_CONVERSION = YES;
				CLANG_WARN_NON_LITERAL_NULL_CONVERSION = YES;
				CLANG_WARN_OBJC_IMPLICIT_RETAIN_SELF = YES;
				CLANG_WARN_OBJC_LITERAL_CONVERSION = YES;
				CLANG_WARN_OBJC_ROOT_CLASS = YES_ERROR;
				CLANG_WARN_QUOTED_INCLUDE_IN_FRAMEWORK_HEADER = YES;
				CLANG_WARN_RANGE_LOOP_ANALYSIS = YES;
				CLANG_WARN_STRICT_PROTOTYPES = YES;
				CLANG_WARN_SUSPICIOUS_MOVE = YES;
				CLANG_WARN_UNGUARDED_AVAILABILITY = YES_AGGRESSIVE;
				CLANG_WARN_UNREACHABLE_CODE = YES;
				CLANG_WARN__DUPLICATE_METHOD_MATCH = YES;
				COPY_PHASE_STRIP = NO;
				DEBUG_INFORMATION_FORMAT = "dwarf-with-dsym";
				ENABLE_NS_ASSERTIONS = NO;
				ENABLE_STRICT_OBJC_MSGSEND = YES;
				GCC_C_LANGUAGE_STANDARD = gnu11;
				GCC_NO_COMMON_BLOCKS = YES;
				GCC_WARN_64_TO_32_BIT_CONVERSION = YES;
				GCC_WARN_ABOUT_RETURN_TYPE = YES_ERROR;
				GCC_WARN_UNDECLARED_SELECTOR = YES;
				GCC_WARN_UNINITIALIZED_AUTOS = YES_AGGRESSIVE;
				GCC_WARN_UNUSED_FUNCTION = YES;
				GCC_WARN_UNUSED_VARIABLE = YES;
				IPHONEOS_DEPLOYMENT_TARGET = 14.0;
				MTL_ENABLE_DEBUG_INFO = NO;
				MTL_FAST_MATH = YES;
				SDKROOT = iphoneos;
				SWIFT_COMPILATION_MODE = wholemodule;
				SWIFT_OPTIMIZATION_LEVEL = "-O";
				VALIDATE_PRODUCT = YES;
			};
			name = Release;
		};
		7FE6AB1E24FB65FC001620D3 /* Debug */ = {
			isa = XCBuildConfiguration;
			buildSettings = {
				ASSETCATALOG_COMPILER_APPICON_NAME = AppIcon;
				CODE_SIGN_STYLE = Automatic;
				DEVELOPMENT_TEAM = PT94VR8DZT;
				INFOPLIST_FILE = CityAirportSearch/Info.plist;
				IPHONEOS_DEPLOYMENT_TARGET = 14.0;
				LD_RUNPATH_SEARCH_PATHS = (
					"$(inherited)",
					"@executable_path/Frameworks",
				);
				PRODUCT_BUNDLE_IDENTIFIER = com.antonzakharchenko.CityAirportSearch;
				PRODUCT_NAME = "$(TARGET_NAME)";
				SWIFT_VERSION = 5.0;
				TARGETED_DEVICE_FAMILY = "1,2";
			};
			name = Debug;
		};
		7FE6AB1F24FB65FC001620D3 /* Release */ = {
			isa = XCBuildConfiguration;
			buildSettings = {
				ASSETCATALOG_COMPILER_APPICON_NAME = AppIcon;
				CODE_SIGN_STYLE = Automatic;
				DEVELOPMENT_TEAM = PT94VR8DZT;
				INFOPLIST_FILE = CityAirportSearch/Info.plist;
				IPHONEOS_DEPLOYMENT_TARGET = 14.0;
				LD_RUNPATH_SEARCH_PATHS = (
					"$(inherited)",
					"@executable_path/Frameworks",
				);
				PRODUCT_BUNDLE_IDENTIFIER = com.antonzakharchenko.CityAirportSearch;
				PRODUCT_NAME = "$(TARGET_NAME)";
				SWIFT_VERSION = 5.0;
				TARGETED_DEVICE_FAMILY = "1,2";
			};
			name = Release;
		};
/* End XCBuildConfiguration section */

/* Begin XCConfigurationList section */
		7FE6AB0424FB65F9001620D3 /* Build configuration list for PBXProject "CityAirportSearch" */ = {
			isa = XCConfigurationList;
			buildConfigurations = (
				7FE6AB1B24FB65FC001620D3 /* Debug */,
				7FE6AB1C24FB65FC001620D3 /* Release */,
			);
			defaultConfigurationIsVisible = 0;
			defaultConfigurationName = Release;
		};
		7FE6AB1D24FB65FC001620D3 /* Build configuration list for PBXNativeTarget "CityAirportSearch" */ = {
			isa = XCConfigurationList;
			buildConfigurations = (
				7FE6AB1E24FB65FC001620D3 /* Debug */,
				7FE6AB1F24FB65FC001620D3 /* Release */,
			);
			defaultConfigurationIsVisible = 0;
			defaultConfigurationName = Release;
		};
/* End XCConfigurationList section */

/* Begin XCRemoteSwiftPackageReference section */
		7F4FEFCA253B720700B7B77F /* XCRemoteSwiftPackageReference "Alamofire" */ = {
			isa = XCRemoteSwiftPackageReference;
			repositoryURL = "https://github.com/Alamofire/Alamofire";
			requirement = {
				kind = upToNextMajorVersion;
				minimumVersion = 5.2.2;
			};
		};
		7FE6AB2024FB6674001620D3 /* XCRemoteSwiftPackageReference "RxSwift" */ = {
			isa = XCRemoteSwiftPackageReference;
			repositoryURL = "https://github.com/ReactiveX/RxSwift";
			requirement = {
				kind = upToNextMajorVersion;
				minimumVersion = 5.1.1;
			};
		};
		7FE6AB2C24FB6BF3001620D3 /* XCRemoteSwiftPackageReference "RxDataSources" */ = {
			isa = XCRemoteSwiftPackageReference;
			repositoryURL = "https://github.com/RxSwiftCommunity/RxDataSources.git";
			requirement = {
				kind = upToNextMajorVersion;
				minimumVersion = 4.0.1;
			};
		};
/* End XCRemoteSwiftPackageReference section */

/* Begin XCSwiftPackageProductDependency section */
		7F4FEFCB253B720700B7B77F /* Alamofire */ = {
			isa = XCSwiftPackageProductDependency;
			package = 7F4FEFCA253B720700B7B77F /* XCRemoteSwiftPackageReference "Alamofire" */;
			productName = Alamofire;
		};
		7FE6AB2124FB6674001620D3 /* RxRelay */ = {
			isa = XCSwiftPackageProductDependency;
			package = 7FE6AB2024FB6674001620D3 /* XCRemoteSwiftPackageReference "RxSwift" */;
			productName = RxRelay;
		};
		7FE6AB2324FB6674001620D3 /* RxSwift */ = {
			isa = XCSwiftPackageProductDependency;
			package = 7FE6AB2024FB6674001620D3 /* XCRemoteSwiftPackageReference "RxSwift" */;
			productName = RxSwift;
		};
		7FE6AB2524FB6674001620D3 /* RxCocoa */ = {
			isa = XCSwiftPackageProductDependency;
			package = 7FE6AB2024FB6674001620D3 /* XCRemoteSwiftPackageReference "RxSwift" */;
			productName = RxCocoa;
		};
		7FE6AB2D24FB6BF3001620D3 /* Differentiator */ = {
			isa = XCSwiftPackageProductDependency;
			package = 7FE6AB2C24FB6BF3001620D3 /* XCRemoteSwiftPackageReference "RxDataSources" */;
			productName = Differentiator;
		};
		7FE6AB2F24FB6BF3001620D3 /* RxDataSources */ = {
			isa = XCSwiftPackageProductDependency;
			package = 7FE6AB2C24FB6BF3001620D3 /* XCRemoteSwiftPackageReference "RxDataSources" */;
			productName = RxDataSources;
		};
/* End XCSwiftPackageProductDependency section */
	};
	rootObject = 7FE6AB0124FB65F9001620D3 /* Project object */;
}
